
Microsoft Visual Studio Solution File, Format Version 12.00
# Visual Studio Version 17
VisualStudioVersion = 17.0.31919.166
MinimumVisualStudioVersion = 10.0.40219.1
Project("{FAE04EC0-301F-11D3-BF4B-00C04F79EFBC}") = "Rational", "Rational\Rational.csproj", "{8DABA0EF-5C03-4FD2-A4DE-33007ABBCF61}"
EndProject
Global
	GlobalSection(SolutionConfigurationPlatforms) = preSolution
		Debug|Any CPU = Debug|Any CPU
		Release|Any CPU = Release|Any CPU
	EndGlobalSection
	GlobalSection(ProjectConfigurationPlatforms) = postSolution
		{8DABA0EF-5C03-4FD2-A4DE-33007ABBCF61}.Debug|Any CPU.ActiveCfg = Debug|Any CPU
		{8DABA0EF-5C03-4FD2-A4DE-33007ABBCF61}.Debug|Any CPU.Build.0 = Debug|Any CPU
		{8DABA0EF-5C03-4FD2-A4DE-33007ABBCF61}.Release|Any CPU.ActiveCfg = Release|Any CPU
		{8DABA0EF-5C03-4FD2-A4DE-33007ABBCF61}.Release|Any CPU.Build.0 = Release|Any CPU
	EndGlobalSection
	GlobalSection(SolutionProperties) = preSolution
		HideSolutionNode = FALSE
	EndGlobalSection
	GlobalSection(ExtensibilityGlobals) = postSolution
		SolutionGuid = {269F189F-21C1-49ED-BB2F-E02911CC0CBD}
	EndGlobalSection
EndGlobal
